
Microsoft Visual Studio Solution File, Format Version 12.00
# Visual Studio Version 16
VisualStudioVersion = 16.0.29609.76
MinimumVisualStudioVersion = 10.0.40219.1
Project("{FAE04EC0-301F-11D3-BF4B-00C04F79EFBC}") = "LazyLoadListView.Android", "LazyLoadListView\LazyLoadListView.Android\LazyLoadListView.Android.csproj", "{287B6B55-E7A0-4071-B191-5EF215F2C0B7}"
EndProject
Project("{FAE04EC0-301F-11D3-BF4B-00C04F79EFBC}") = "LazyLoadListView", "LazyLoadListView\LazyLoadListView\LazyLoadListView.csproj", "{2EC272F4-64DC-41A7-B7F4-04FFF02EA9BA}"
EndProject
Global
	GlobalSection(SolutionConfigurationPlatforms) = preSolution
		Debug|Any CPU = Debug|Any CPU
		Release|Any CPU = Release|Any CPU
	EndGlobalSection
	GlobalSection(ProjectConfigurationPlatforms) = postSolution
		{287B6B55-E7A0-4071-B191-5EF215F2C0B7}.Debug|Any CPU.ActiveCfg = Debug|Any CPU
		{287B6B55-E7A0-4071-B191-5EF215F2C0B7}.Debug|Any CPU.Build.0 = Debug|Any CPU
		{287B6B55-E7A0-4071-B191-5EF215F2C0B7}.Debug|Any CPU.Deploy.0 = Debug|Any CPU
		{287B6B55-E7A0-4071-B191-5EF215F2C0B7}.Release|Any CPU.ActiveCfg = Release|Any CPU
		{287B6B55-E7A0-4071-B191-5EF215F2C0B7}.Release|Any CPU.Build.0 = Release|Any CPU
		{287B6B55-E7A0-4071-B191-5EF215F2C0B7}.Release|Any CPU.Deploy.0 = Release|Any CPU
		{2EC272F4-64DC-41A7-B7F4-04FFF02EA9BA}.Debug|Any CPU.ActiveCfg = Debug|Any CPU
		{2EC272F4-64DC-41A7-B7F4-04FFF02EA9BA}.Debug|Any CPU.Build.0 = Debug|Any CPU
		{2EC272F4-64DC-41A7-B7F4-04FFF02EA9BA}.Debug|Any CPU.Deploy.0 = Debug|Any CPU
		{2EC272F4-64DC-41A7-B7F4-04FFF02EA9BA}.Release|Any CPU.ActiveCfg = Release|Any CPU
		{2EC272F4-64DC-41A7-B7F4-04FFF02EA9BA}.Release|Any CPU.Build.0 = Release|Any CPU
		{2EC272F4-64DC-41A7-B7F4-04FFF02EA9BA}.Release|Any CPU.Deploy.0 = Release|Any CPU
	EndGlobalSection
	GlobalSection(SolutionProperties) = preSolution
		HideSolutionNode = FALSE
	EndGlobalSection
	GlobalSection(ExtensibilityGlobals) = postSolution
		SolutionGuid = {F8D4FB55-065B-422C-A805-9FC643A95CBC}
	EndGlobalSection
EndGlobal
